// !$*UTF8*$!
{
	archiveVersion = 1;
	classes = {
	};
	objectVersion = 50;
	objects = {

/* Begin PBXBuildFile section */
		3B10063B234D74B700E55101 /* mainpage.swift in Sources */ = {isa = PBXBuildFile; fileRef = 3B10063A234D74B700E55101 /* mainpage.swift */; };
		3B10063D234D7FEB00E55101 /* mainrow.swift in Sources */ = {isa = PBXBuildFile; fileRef = 3B10063C234D7FEB00E55101 /* mainrow.swift */; };
		3B10063F234D87C900E55101 /* introduction.swift in Sources */ = {isa = PBXBuildFile; fileRef = 3B10063E234D87C900E55101 /* introduction.swift */; };
		3B100641234D8FE900E55101 /* grouplist.swift in Sources */ = {isa = PBXBuildFile; fileRef = 3B100640234D8FE900E55101 /* grouplist.swift */; };
		3B100643234D906F00E55101 /* grouprow.swift in Sources */ = {isa = PBXBuildFile; fileRef = 3B100642234D906F00E55101 /* grouprow.swift */; };
		3B100645234DA86800E55101 /* AppView.swift in Sources */ = {isa = PBXBuildFile; fileRef = 3B100644234DA86800E55101 /* AppView.swift */; };
		3B100647234DACE200E55101 /* picturewall.swift in Sources */ = {isa = PBXBuildFile; fileRef = 3B100646234DACE200E55101 /* picturewall.swift */; };
		45B6F466234458C3001E0F8F /* drama.swift in Sources */ = {isa = PBXBuildFile; fileRef = 45B6F465234458C3001E0F8F /* drama.swift */; };
		45B6F46A234459D0001E0F8F /* Data.swift in Sources */ = {isa = PBXBuildFile; fileRef = 45B6F469234459D0001E0F8F /* Data.swift */; };
		45B6F46C23445DF3001E0F8F /* dramarow.swift in Sources */ = {isa = PBXBuildFile; fileRef = 45B6F46B23445DF3001E0F8F /* dramarow.swift */; };
		45B6F46E234460E2001E0F8F /* dramalist.swift in Sources */ = {isa = PBXBuildFile; fileRef = 45B6F46D234460E2001E0F8F /* dramalist.swift */; };
		45B6F470234461EA001E0F8F /* dramadetail.swift in Sources */ = {isa = PBXBuildFile; fileRef = 45B6F46F234461EA001E0F8F /* dramadetail.swift */; };
		4B0E1F02233B12E00062A159 /* AppDelegate.swift in Sources */ = {isa = PBXBuildFile; fileRef = 4B0E1F01233B12E00062A159 /* AppDelegate.swift */; };
		4B0E1F04233B12E00062A159 /* SceneDelegate.swift in Sources */ = {isa = PBXBuildFile; fileRef = 4B0E1F03233B12E00062A159 /* SceneDelegate.swift */; };
		4B0E1F06233B12E00062A159 /* ContentView.swift in Sources */ = {isa = PBXBuildFile; fileRef = 4B0E1F05233B12E00062A159 /* ContentView.swift */; };
		4B0E1F08233B12E10062A159 /* Assets.xcassets in Resources */ = {isa = PBXBuildFile; fileRef = 4B0E1F07233B12E10062A159 /* Assets.xcassets */; };
		4B0E1F0B233B12E10062A159 /* Preview Assets.xcassets in Resources */ = {isa = PBXBuildFile; fileRef = 4B0E1F0A233B12E10062A159 /* Preview Assets.xcassets */; };
		4B0E1F0E233B12E10062A159 /* LaunchScreen.storyboard in Resources */ = {isa = PBXBuildFile; fileRef = 4B0E1F0C233B12E10062A159 /* LaunchScreen.storyboard */; };
/* End PBXBuildFile section */

/* Begin PBXFileReference section */
		3B10063A234D74B700E55101 /* mainpage.swift */ = {isa = PBXFileReference; lastKnownFileType = sourcecode.swift; path = mainpage.swift; sourceTree = "<group>"; };
		3B10063C234D7FEB00E55101 /* mainrow.swift */ = {isa = PBXFileReference; lastKnownFileType = sourcecode.swift; path = mainrow.swift; sourceTree = "<group>"; };
		3B10063E234D87C900E55101 /* introduction.swift */ = {isa = PBXFileReference; lastKnownFileType = sourcecode.swift; path = introduction.swift; sourceTree = "<group>"; };
		3B100640234D8FE900E55101 /* grouplist.swift */ = {isa = PBXFileReference; lastKnownFileType = sourcecode.swift; path = grouplist.swift; sourceTree = "<group>"; };
		3B100642234D906F00E55101 /* grouprow.swift */ = {isa = PBXFileReference; lastKnownFileType = sourcecode.swift; path = grouprow.swift; sourceTree = "<group>"; };
		3B100644234DA86800E55101 /* AppView.swift */ = {isa = PBXFileReference; lastKnownFileType = sourcecode.swift; path = AppView.swift; sourceTree = "<group>"; };
		3B100646234DACE200E55101 /* picturewall.swift */ = {isa = PBXFileReference; lastKnownFileType = sourcecode.swift; path = picturewall.swift; sourceTree = "<group>"; };
		45B6F465234458C3001E0F8F /* drama.swift */ = {isa = PBXFileReference; lastKnownFileType = sourcecode.swift; path = drama.swift; sourceTree = "<group>"; };
		45B6F469234459D0001E0F8F /* Data.swift */ = {isa = PBXFileReference; lastKnownFileType = sourcecode.swift; path = Data.swift; sourceTree = "<group>"; };
		45B6F46B23445DF3001E0F8F /* dramarow.swift */ = {isa = PBXFileReference; lastKnownFileType = sourcecode.swift; path = dramarow.swift; sourceTree = "<group>"; };
		45B6F46D234460E2001E0F8F /* dramalist.swift */ = {isa = PBXFileReference; lastKnownFileType = sourcecode.swift; path = dramalist.swift; sourceTree = "<group>"; };
		45B6F46F234461EA001E0F8F /* dramadetail.swift */ = {isa = PBXFileReference; lastKnownFileType = sourcecode.swift; path = dramadetail.swift; sourceTree = "<group>"; };
		4B0E1EFE233B12E00062A159 /* 魔熙ＣＣ.app */ = {isa = PBXFileReference; explicitFileType = wrapper.application; includeInIndex = 0; path = "魔熙ＣＣ.app"; sourceTree = BUILT_PRODUCTS_DIR; };
		4B0E1F01233B12E00062A159 /* AppDelegate.swift */ = {isa = PBXFileReference; lastKnownFileType = sourcecode.swift; path = AppDelegate.swift; sourceTree = "<group>"; };
		4B0E1F03233B12E00062A159 /* SceneDelegate.swift */ = {isa = PBXFileReference; lastKnownFileType = sourcecode.swift; path = SceneDelegate.swift; sourceTree = "<group>"; };
		4B0E1F05233B12E00062A159 /* ContentView.swift */ = {isa = PBXFileReference; lastKnownFileType = sourcecode.swift; path = ContentView.swift; sourceTree = "<group>"; };
		4B0E1F07233B12E10062A159 /* Assets.xcassets */ = {isa = PBXFileReference; lastKnownFileType = folder.assetcatalog; path = Assets.xcassets; sourceTree = "<group>"; };
		4B0E1F0A233B12E10062A159 /* Preview Assets.xcassets */ = {isa = PBXFileReference; lastKnownFileType = folder.assetcatalog; path = "Preview Assets.xcassets"; sourceTree = "<group>"; };
		4B0E1F0D233B12E10062A159 /* Base */ = {isa = PBXFileReference; lastKnownFileType = file.storyboard; name = Base; path = Base.lproj/LaunchScreen.storyboard; sourceTree = "<group>"; };
		4B0E1F0F233B12E10062A159 /* Info.plist */ = {isa = PBXFileReference; lastKnownFileType = text.plist.xml; path = Info.plist; sourceTree = "<group>"; };
/* End PBXFileReference section */

/* Begin PBXFrameworksBuildPhase section */
		4B0E1EFB233B12E00062A159 /* Frameworks */ = {
			isa = PBXFrameworksBuildPhase;
			buildActionMask = 2147483647;
			files = (
			);
			runOnlyForDeploymentPostprocessing = 0;
		};
/* End PBXFrameworksBuildPhase section */

/* Begin PBXGroup section */
		4B0E1EF5233B12E00062A159 = {
			isa = PBXGroup;
			children = (
				4B0E1F00233B12E00062A159 /* 00557117 */,
				4B0E1EFF233B12E00062A159 /* Products */,
			);
			sourceTree = "<group>";
		};
		4B0E1EFF233B12E00062A159 /* Products */ = {
			isa = PBXGroup;
			children = (
				4B0E1EFE233B12E00062A159 /* 魔熙ＣＣ.app */,
			);
			name = Products;
			sourceTree = "<group>";
		};
		4B0E1F00233B12E00062A159 /* 00557117 */ = {
			isa = PBXGroup;
			children = (
				4B0E1F01233B12E00062A159 /* AppDelegate.swift */,
				4B0E1F03233B12E00062A159 /* SceneDelegate.swift */,
				4B0E1F05233B12E00062A159 /* ContentView.swift */,
				3B10063A234D74B700E55101 /* mainpage.swift */,
				45B6F465234458C3001E0F8F /* drama.swift */,
				45B6F469234459D0001E0F8F /* Data.swift */,
				45B6F46B23445DF3001E0F8F /* dramarow.swift */,
				45B6F46D234460E2001E0F8F /* dramalist.swift */,
				45B6F46F234461EA001E0F8F /* dramadetail.swift */,
				3B10063C234D7FEB00E55101 /* mainrow.swift */,
				3B10063E234D87C900E55101 /* introduction.swift */,
				3B100642234D906F00E55101 /* grouprow.swift */,
				3B100644234DA86800E55101 /* AppView.swift */,
				3B100640234D8FE900E55101 /* grouplist.swift */,
				3B100646234DACE200E55101 /* picturewall.swift */,
				4B0E1F07233B12E10062A159 /* Assets.xcassets */,
				4B0E1F0C233B12E10062A159 /* LaunchScreen.storyboard */,
				4B0E1F0F233B12E10062A159 /* Info.plist */,
				4B0E1F09233B12E10062A159 /* Preview Content */,
			);
			path = 00557117;
			sourceTree = "<group>";
		};
		4B0E1F09233B12E10062A159 /* Preview Content */ = {
			isa = PBXGroup;
			children = (
				4B0E1F0A233B12E10062A159 /* Preview Assets.xcassets */,
			);
			path = "Preview Content";
			sourceTree = "<group>";
		};
/* End PBXGroup section */

/* Begin PBXNativeTarget section */
		4B0E1EFD233B12E00062A159 /* 00557117 */ = {
			isa = PBXNativeTarget;
			buildConfigurationList = 4B0E1F12233B12E10062A159 /* Build configuration list for PBXNativeTarget "00557117" */;
			buildPhases = (
				4B0E1EFA233B12E00062A159 /* Sources */,
				4B0E1EFB233B12E00062A159 /* Frameworks */,
				4B0E1EFC233B12E00062A159 /* Resources */,
			);
			buildRules = (
			);
			dependencies = (
			);
			name = 00557117;
			productName = 00557117;
			productReference = 4B0E1EFE233B12E00062A159 /* 魔熙ＣＣ.app */;
			productType = "com.apple.product-type.application";
		};
/* End PBXNativeTarget section */

/* Begin PBXProject section */
		4B0E1EF6233B12E00062A159 /* Project object */ = {
			isa = PBXProject;
			attributes = {
				LastSwiftUpdateCheck = 1100;
				LastUpgradeCheck = 1100;
				ORGANIZATIONNAME = 557021;
				TargetAttributes = {
					4B0E1EFD233B12E00062A159 = {
						CreatedOnToolsVersion = 11.0;
					};
				};
			};
			buildConfigurationList = 4B0E1EF9233B12E00062A159 /* Build configuration list for PBXProject "00557117" */;
			compatibilityVersion = "Xcode 9.3";
			developmentRegion = en;
			hasScannedForEncodings = 0;
			knownRegions = (
				en,
				Base,
			);
			mainGroup = 4B0E1EF5233B12E00062A159;
			productRefGroup = 4B0E1EFF233B12E00062A159 /* Products */;
			projectDirPath = "";
			projectRoot = "";
			targets = (
				4B0E1EFD233B12E00062A159 /* 00557117 */,
			);
		};
/* End PBXProject section */

/* Begin PBXResourcesBuildPhase section */
		4B0E1EFC233B12E00062A159 /* Resources */ = {
			isa = PBXResourcesBuildPhase;
			buildActionMask = 2147483647;
			files = (
				4B0E1F0E233B12E10062A159 /* LaunchScreen.storyboard in Resources */,
				4B0E1F0B233B12E10062A159 /* Preview Assets.xcassets in Resources */,
				4B0E1F08233B12E10062A159 /* Assets.xcassets in Resources */,
			);
			runOnlyForDeploymentPostprocessing = 0;
		};
/* End PBXResourcesBuildPhase section */

/* Begin PBXSourcesBuildPhase section */
		4B0E1EFA233B12E00062A159 /* Sources */ = {
			isa = PBXSourcesBuildPhase;
			buildActionMask = 2147483647;
			files = (
				4B0E1F02233B12E00062A159 /* AppDelegate.swift in Sources */,
				3B10063F234D87C900E55101 /* introduction.swift in Sources */,
				45B6F46C23445DF3001E0F8F /* dramarow.swift in Sources */,
				4B0E1F04233B12E00062A159 /* SceneDelegate.swift in Sources */,
				3B10063B234D74B700E55101 /* mainpage.swift in Sources */,
				45B6F466234458C3001E0F8F /* drama.swift in Sources */,
				3B10063D234D7FEB00E55101 /* mainrow.swift in Sources */,
				4B0E1F06233B12E00062A159 /* ContentView.swift in Sources */,
				45B6F470234461EA001E0F8F /* dramadetail.swift in Sources */,
				45B6F46A234459D0001E0F8F /* Data.swift in Sources */,
				3B100645234DA86800E55101 /* AppView.swift in Sources */,
				3B100647234DACE200E55101 /* picturewall.swift in Sources */,
				45B6F46E234460E2001E0F8F /* dramalist.swift in Sources */,
				3B100641234D8FE900E55101 /* grouplist.swift in Sources */,
				3B100643234D906F00E55101 /* grouprow.swift in Sources */,
			);
			runOnlyForDeploymentPostprocessing = 0;
		};
/* End PBXSourcesBuildPhase section */

/* Begin PBXVariantGroup section */
		4B0E1F0C233B12E10062A159 /* LaunchScreen.storyboard */ = {
			isa = PBXVariantGroup;
			children = (
				4B0E1F0D233B12E10062A159 /* Base */,
			);
			name = LaunchScreen.storyboard;
			sourceTree = "<group>";
		};
/* End PBXVariantGroup section */

/* Begin XCBuildConfiguration section */
		4B0E1F10233B12E10062A159 /* Debug */ = {
			isa = XCBuildConfiguration;
			buildSettings = {
				ALWAYS_SEARCH_USER_PATHS = NO;
				CLANG_ANALYZER_NONNULL = YES;
				CLANG_ANALYZER_NUMBER_OBJECT_CONVERSION = YES_AGGRESSIVE;
				CLANG_CXX_LANGUAGE_STANDARD = "gnu++14";
				CLANG_CXX_LIBRARY = "libc++";
				CLANG_ENABLE_MODULES = YES;
				CLANG_ENABLE_OBJC_ARC = YES;
				CLANG_ENABLE_OBJC_WEAK = YES;
				CLANG_WARN_BLOCK_CAPTURE_AUTORELEASING = YES;
				CLANG_WARN_BOOL_CONVERSION = YES;
				CLANG_WARN_COMMA = YES;
				CLANG_WARN_CONSTANT_CONVERSION = YES;
				CLANG_WARN_DEPRECATED_OBJC_IMPLEMENTATIONS = YES;
				CLANG_WARN_DIRECT_OBJC_ISA_USAGE = YES_ERROR;
				CLANG_WARN_DOCUMENTATION_COMMENTS = YES;
				CLANG_WARN_EMPTY_BODY = YES;
				CLANG_WARN_ENUM_CONVERSION = YES;
				CLANG_WARN_INFINITE_RECURSION = YES;
				CLANG_WARN_INT_CONVERSION = YES;
				CLANG_WARN_NON_LITERAL_NULL_CONVERSION = YES;
				CLANG_WARN_OBJC_IMPLICIT_RETAIN_SELF = YES;
				CLANG_WARN_OBJC_LITERAL_CONVERSION = YES;
				CLANG_WARN_OBJC_ROOT_CLASS = YES_ERROR;
				CLANG_WARN_RANGE_LOOP_ANALYSIS = YES;
				CLANG_WARN_STRICT_PROTOTYPES = YES;
				CLANG_WARN_SUSPICIOUS_MOVE = YES;
				CLANG_WARN_UNGUARDED_AVAILABILITY = YES_AGGRESSIVE;
				CLANG_WARN_UNREACHABLE_CODE = YES;
				CLANG_WARN__DUPLICATE_METHOD_MATCH = YES;
				COPY_PHASE_STRIP = NO;
				DEBUG_INFORMATION_FORMAT = dwarf;
				ENABLE_STRICT_OBJC_MSGSEND = YES;
				ENABLE_TESTABILITY = YES;
				GCC_C_LANGUAGE_STANDARD = gnu11;
				GCC_DYNAMIC_NO_PIC = NO;
				GCC_NO_COMMON_BLOCKS = YES;
				GCC_OPTIMIZATION_LEVEL = 0;
				GCC_PREPROCESSOR_DEFINITIONS = (
					"DEBUG=1",
					"$(inherited)",
				);
				GCC_WARN_64_TO_32_BIT_CONVERSION = YES;
				GCC_WARN_ABOUT_RETURN_TYPE = YES_ERROR;
				GCC_WARN_UNDECLARED_SELECTOR = YES;
				GCC_WARN_UNINITIALIZED_AUTOS = YES_AGGRESSIVE;
				GCC_WARN_UNUSED_FUNCTION = YES;
				GCC_WARN_UNUSED_VARIABLE = YES;
				IPHONEOS_DEPLOYMENT_TARGET = 13.0;
				MTL_ENABLE_DEBUG_INFO = INCLUDE_SOURCE;
				MTL_FAST_MATH = YES;
				ONLY_ACTIVE_ARCH = YES;
				SDKROOT = iphoneos;
				SWIFT_ACTIVE_COMPILATION_CONDITIONS = DEBUG;
				SWIFT_OPTIMIZATION_LEVEL = "-Onone";
			};
			name = Debug;
		};
		4B0E1F11233B12E10062A159 /* Release */ = {
			isa = XCBuildConfiguration;
			buildSettings = {
				ALWAYS_SEARCH_USER_PATHS = NO;
				CLANG_ANALYZER_NONNULL = YES;
				CLANG_ANALYZER_NUMBER_OBJECT_CONVERSION = YES_AGGRESSIVE;
				CLANG_CXX_LANGUAGE_STANDARD = "gnu++14";
				CLANG_CXX_LIBRARY = "libc++";
				CLANG_ENABLE_MODULES = YES;
				CLANG_ENABLE_OBJC_ARC = YES;
				CLANG_ENABLE_OBJC_WEAK = YES;
				CLANG_WARN_BLOCK_CAPTURE_AUTORELEASING = YES;
				CLANG_WARN_BOOL_CONVERSION = YES;
				CLANG_WARN_COMMA = YES;
				CLANG_WARN_CONSTANT_CONVERSION = YES;
				CLANG_WARN_DEPRECATED_OBJC_IMPLEMENTATIONS = YES;
				CLANG_WARN_DIRECT_OBJC_ISA_USAGE = YES_ERROR;
				CLANG_WARN_DOCUMENTATION_COMMENTS = YES;
				CLANG_WARN_EMPTY_BODY = YES;
				CLANG_WARN_ENUM_CONVERSION = YES;
				CLANG_WARN_INFINITE_RECURSION = YES;
				CLANG_WARN_INT_CONVERSION = YES;
				CLANG_WARN_NON_LITERAL_NULL_CONVERSION = YES;
				CLANG_WARN_OBJC_IMPLICIT_RETAIN_SELF = YES;
				CLANG_WARN_OBJC_LITERAL_CONVERSION = YES;
				CLANG_WARN_OBJC_ROOT_CLASS = YES_ERROR;
				CLANG_WARN_RANGE_LOOP_ANALYSIS = YES;
				CLANG_WARN_STRICT_PROTOTYPES = YES;
				CLANG_WARN_SUSPICIOUS_MOVE = YES;
				CLANG_WARN_UNGUARDED_AVAILABILITY = YES_AGGRESSIVE;
				CLANG_WARN_UNREACHABLE_CODE = YES;
				CLANG_WARN__DUPLICATE_METHOD_MATCH = YES;
				COPY_PHASE_STRIP = NO;
				DEBUG_INFORMATION_FORMAT = "dwarf-with-dsym";
				ENABLE_NS_ASSERTIONS = NO;
				ENABLE_STRICT_OBJC_MSGSEND = YES;
				GCC_C_LANGUAGE_STANDARD = gnu11;
				GCC_NO_COMMON_BLOCKS = YES;
				GCC_WARN_64_TO_32_BIT_CONVERSION = YES;
				GCC_WARN_ABOUT_RETURN_TYPE = YES_ERROR;
				GCC_WARN_UNDECLARED_SELECTOR = YES;
				GCC_WARN_UNINITIALIZED_AUTOS = YES_AGGRESSIVE;
				GCC_WARN_UNUSED_FUNCTION = YES;
				GCC_WARN_UNUSED_VARIABLE = YES;
				IPHONEOS_DEPLOYMENT_TARGET = 13.0;
				MTL_ENABLE_DEBUG_INFO = NO;
				MTL_FAST_MATH = YES;
				SDKROOT = iphoneos;
				SWIFT_COMPILATION_MODE = wholemodule;
				SWIFT_OPTIMIZATION_LEVEL = "-O";
				VALIDATE_PRODUCT = YES;
			};
			name = Release;
		};
		4B0E1F13233B12E10062A159 /* Debug */ = {
			isa = XCBuildConfiguration;
			buildSettings = {
				ASSETCATALOG_COMPILER_APPICON_NAME = AppIcon;
				CODE_SIGN_STYLE = Automatic;
				DEVELOPMENT_ASSET_PATHS = "\"00557117/Preview Content\"";
				ENABLE_PREVIEWS = YES;
				INFOPLIST_FILE = 00557117/Info.plist;
				LD_RUNPATH_SEARCH_PATHS = (
					"$(inherited)",
					"@executable_path/Frameworks",
				);
				PRODUCT_BUNDLE_IDENTIFIER = "com.eric.-0557117";
				PRODUCT_NAME = "魔熙ＣＣ";
				SWIFT_VERSION = 5.0;
				TARGETED_DEVICE_FAMILY = "1,2";
			};
			name = Debug;
		};
		4B0E1F14233B12E10062A159 /* Release */ = {
			isa = XCBuildConfiguration;
			buildSettings = {
				ASSETCATALOG_COMPILER_APPICON_NAME = AppIcon;
				CODE_SIGN_STYLE = Automatic;
				DEVELOPMENT_ASSET_PATHS = "\"00557117/Preview Content\"";
				ENABLE_PREVIEWS = YES;
				INFOPLIST_FILE = 00557117/Info.plist;
				LD_RUNPATH_SEARCH_PATHS = (
					"$(inherited)",
					"@executable_path/Frameworks",
				);
				PRODUCT_BUNDLE_IDENTIFIER = "com.eric.-0557117";
				PRODUCT_NAME = "魔熙ＣＣ";
				SWIFT_VERSION = 5.0;
				TARGETED_DEVICE_FAMILY = "1,2";
			};
			name = Release;
		};
/* End XCBuildConfiguration section */

/* Begin XCConfigurationList section */
		4B0E1EF9233B12E00062A159 /* Build configuration list for PBXProject "00557117" */ = {
			isa = XCConfigurationList;
			buildConfigurations = (
				4B0E1F10233B12E10062A159 /* Debug */,
				4B0E1F11233B12E10062A159 /* Release */,
			);
			defaultConfigurationIsVisible = 0;
			defaultConfigurationName = Release;
		};
		4B0E1F12233B12E10062A159 /* Build configuration list for PBXNativeTarget "00557117" */ = {
			isa = XCConfigurationList;
			buildConfigurations = (
				4B0E1F13233B12E10062A159 /* Debug */,
				4B0E1F14233B12E10062A159 /* Release */,
			);
			defaultConfigurationIsVisible = 0;
			defaultConfigurationName = Release;
		};
/* End XCConfigurationList section */
	};
	rootObject = 4B0E1EF6233B12E00062A159 /* Project object */;
}
